
Microsoft Visual Studio Solution File, Format Version 12.00
# Visual Studio Version 16
VisualStudioVersion = 16.0.30225.117
MinimumVisualStudioVersion = 10.0.40219.1
Project("{FAE04EC0-301F-11D3-BF4B-00C04F79EFBC}") = "ttcm", "ttcm\ttcm.csproj", "{4CDA401B-06F6-4771-89BE-318A3796BFFA}"
EndProject
Global
	GlobalSection(SolutionConfigurationPlatforms) = preSolution
		Debug|Any CPU = Debug|Any CPU
		Release|Any CPU = Release|Any CPU
	EndGlobalSection
	GlobalSection(ProjectConfigurationPlatforms) = postSolution
		{4CDA401B-06F6-4771-89BE-318A3796BFFA}.Debug|Any CPU.ActiveCfg = Debug|Any CPU
		{4CDA401B-06F6-4771-89BE-318A3796BFFA}.Debug|Any CPU.Build.0 = Debug|Any CPU
		{4CDA401B-06F6-4771-89BE-318A3796BFFA}.Release|Any CPU.ActiveCfg = Release|Any CPU
		{4CDA401B-06F6-4771-89BE-318A3796BFFA}.Release|Any CPU.Build.0 = Release|Any CPU
	EndGlobalSection
	GlobalSection(SolutionProperties) = preSolution
		HideSolutionNode = FALSE
	EndGlobalSection
	GlobalSection(ExtensibilityGlobals) = postSolution
		SolutionGuid = {61115A23-8390-4CBD-AB18-1BF861062EE0}
	EndGlobalSection
EndGlobal
